
Microsoft Visual Studio Solution File, Format Version 12.00
# Visual Studio Version 17
VisualStudioVersion = 17.10.35004.147
MinimumVisualStudioVersion = 10.0.40219.1
Project("{FAE04EC0-301F-11D3-BF4B-00C04F79EFBC}") = "DynamicObjectCreation.Domain", "DynamicObjectCreation.Domain\DynamicObjectCreation.Domain.csproj", "{39B8BFBA-EEAD-478C-909A-B988AA29CC80}"
EndProject
Project("{FAE04EC0-301F-11D3-BF4B-00C04F79EFBC}") = "DynamicObjectCreation.Infrastructure", "DynamicObjectCreation.Infrastructure\DynamicObjectCreation.Infrastructure.csproj", "{590C45B4-2BED-496B-B664-5DD2C2ABB32A}"
EndProject
Project("{FAE04EC0-301F-11D3-BF4B-00C04F79EFBC}") = "DynamicObjectCreation.Application", "DynamicObjectCreation.Application\DynamicObjectCreation.Application.csproj", "{946DA0B3-22C7-4051-8618-197AFD559FD1}"
EndProject
Project("{FAE04EC0-301F-11D3-BF4B-00C04F79EFBC}") = "DynamicObjectCreation.Api", "DynamicObjectCreation.Api\DynamicObjectCreation.Api.csproj", "{84336E77-47E7-4C56-ADFA-ED39E8A6822F}"
EndProject
Global
	GlobalSection(SolutionConfigurationPlatforms) = preSolution
		Debug|Any CPU = Debug|Any CPU
		Release|Any CPU = Release|Any CPU
	EndGlobalSection
	GlobalSection(ProjectConfigurationPlatforms) = postSolution
		{39B8BFBA-EEAD-478C-909A-B988AA29CC80}.Debug|Any CPU.ActiveCfg = Debug|Any CPU
		{39B8BFBA-EEAD-478C-909A-B988AA29CC80}.Debug|Any CPU.Build.0 = Debug|Any CPU
		{39B8BFBA-EEAD-478C-909A-B988AA29CC80}.Release|Any CPU.ActiveCfg = Release|Any CPU
		{39B8BFBA-EEAD-478C-909A-B988AA29CC80}.Release|Any CPU.Build.0 = Release|Any CPU
		{590C45B4-2BED-496B-B664-5DD2C2ABB32A}.Debug|Any CPU.ActiveCfg = Debug|Any CPU
		{590C45B4-2BED-496B-B664-5DD2C2ABB32A}.Debug|Any CPU.Build.0 = Debug|Any CPU
		{590C45B4-2BED-496B-B664-5DD2C2ABB32A}.Release|Any CPU.ActiveCfg = Release|Any CPU
		{590C45B4-2BED-496B-B664-5DD2C2ABB32A}.Release|Any CPU.Build.0 = Release|Any CPU
		{946DA0B3-22C7-4051-8618-197AFD559FD1}.Debug|Any CPU.ActiveCfg = Debug|Any CPU
		{946DA0B3-22C7-4051-8618-197AFD559FD1}.Debug|Any CPU.Build.0 = Debug|Any CPU
		{946DA0B3-22C7-4051-8618-197AFD559FD1}.Release|Any CPU.ActiveCfg = Release|Any CPU
		{946DA0B3-22C7-4051-8618-197AFD559FD1}.Release|Any CPU.Build.0 = Release|Any CPU
		{84336E77-47E7-4C56-ADFA-ED39E8A6822F}.Debug|Any CPU.ActiveCfg = Debug|Any CPU
		{84336E77-47E7-4C56-ADFA-ED39E8A6822F}.Debug|Any CPU.Build.0 = Debug|Any CPU
		{84336E77-47E7-4C56-ADFA-ED39E8A6822F}.Release|Any CPU.ActiveCfg = Release|Any CPU
		{84336E77-47E7-4C56-ADFA-ED39E8A6822F}.Release|Any CPU.Build.0 = Release|Any CPU
	EndGlobalSection
	GlobalSection(SolutionProperties) = preSolution
		HideSolutionNode = FALSE
	EndGlobalSection
	GlobalSection(ExtensibilityGlobals) = postSolution
		SolutionGuid = {AD080FD8-7DD0-4D1F-994C-05C7C077F3B7}
	EndGlobalSection
EndGlobal
